
Microsoft Visual Studio Solution File, Format Version 12.00
# Visual Studio Version 17
VisualStudioVersion = 17.7.34024.191
MinimumVisualStudioVersion = 10.0.40219.1
Project("{FAE04EC0-301F-11D3-BF4B-00C04F79EFBC}") = "Invest4U", "Invest4U.csproj", "{D0A7AA02-3B48-456B-8532-97B30AB43669}"
EndProject
Global
	GlobalSection(SolutionConfigurationPlatforms) = preSolution
		Debug|Any CPU = Debug|Any CPU
		Release|Any CPU = Release|Any CPU
	EndGlobalSection
	GlobalSection(ProjectConfigurationPlatforms) = postSolution
		{D0A7AA02-3B48-456B-8532-97B30AB43669}.Debug|Any CPU.ActiveCfg = Debug|Any CPU
		{D0A7AA02-3B48-456B-8532-97B30AB43669}.Debug|Any CPU.Build.0 = Debug|Any CPU
		{D0A7AA02-3B48-456B-8532-97B30AB43669}.Release|Any CPU.ActiveCfg = Release|Any CPU
		{D0A7AA02-3B48-456B-8532-97B30AB43669}.Release|Any CPU.Build.0 = Release|Any CPU
	EndGlobalSection
	GlobalSection(SolutionProperties) = preSolution
		HideSolutionNode = FALSE
	EndGlobalSection
	GlobalSection(ExtensibilityGlobals) = postSolution
		SolutionGuid = {BFAD6B4F-A382-40F7-BBAD-281DD4210BAE}
	EndGlobalSection
EndGlobal
